// !$*UTF8*$!
{
	archiveVersion = 1;
	classes = {
	};
	objectVersion = 46;
	objects = {

/* Begin PBXBuildFile section */
		2FB824961C537C1800DD56FB /* AppDelegate.swift in Sources */ = {isa = PBXBuildFile; fileRef = 2FB824951C537C1800DD56FB /* AppDelegate.swift */; };
		2FB824981C537C1800DD56FB /* ViewController.swift in Sources */ = {isa = PBXBuildFile; fileRef = 2FB824971C537C1800DD56FB /* ViewController.swift */; };
		2FB8249B1C537C1800DD56FB /* Main.storyboard in Resources */ = {isa = PBXBuildFile; fileRef = 2FB824991C537C1800DD56FB /* Main.storyboard */; };
		2FB8249D1C537C1800DD56FB /* Assets.xcassets in Resources */ = {isa = PBXBuildFile; fileRef = 2FB8249C1C537C1800DD56FB /* Assets.xcassets */; };
		2FB824A01C537C1800DD56FB /* LaunchScreen.storyboard in Resources */ = {isa = PBXBuildFile; fileRef = 2FB8249E1C537C1800DD56FB /* LaunchScreen.storyboard */; };
		2FB824AB1C537C1800DD56FB /* ImagePickerTests.swift in Sources */ = {isa = PBXBuildFile; fileRef = 2FB824AA1C537C1800DD56FB /* ImagePickerTests.swift */; };
		2FB824B61C537C1800DD56FB /* ImagePickerUITests.swift in Sources */ = {isa = PBXBuildFile; fileRef = 2FB824B51C537C1800DD56FB /* ImagePickerUITests.swift */; };
/* End PBXBuildFile section */

/* Begin PBXContainerItemProxy section */
		2FB824A71C537C1800DD56FB /* PBXContainerItemProxy */ = {
			isa = PBXContainerItemProxy;
			containerPortal = 2FB8248A1C537C1800DD56FB /* Project object */;
			proxyType = 1;
			remoteGlobalIDString = 2FB824911C537C1800DD56FB;
			remoteInfo = ImagePicker;
		};
		2FB824B21C537C1800DD56FB /* PBXContainerItemProxy */ = {
			isa = PBXContainerItemProxy;
			containerPortal = 2FB8248A1C537C1800DD56FB /* Project object */;
			proxyType = 1;
			remoteGlobalIDString = 2FB824911C537C1800DD56FB;
			remoteInfo = ImagePicker;
		};
/* End PBXContainerItemProxy section */

/* Begin PBXFileReference section */
		2FB824921C537C1800DD56FB /* ImagePicker.app */ = {isa = PBXFileReference; explicitFileType = wrapper.application; includeInIndex = 0; path = ImagePicker.app; sourceTree = BUILT_PRODUCTS_DIR; };
		2FB824951C537C1800DD56FB /* AppDelegate.swift */ = {isa = PBXFileReference; lastKnownFileType = sourcecode.swift; path = AppDelegate.swift; sourceTree = "<group>"; };
		2FB824971C537C1800DD56FB /* ViewController.swift */ = {isa = PBXFileReference; lastKnownFileType = sourcecode.swift; path = ViewController.swift; sourceTree = "<group>"; };
		2FB8249A1C537C1800DD56FB /* Base */ = {isa = PBXFileReference; lastKnownFileType = file.storyboard; name = Base; path = Base.lproj/Main.storyboard; sourceTree = "<group>"; };
		2FB8249C1C537C1800DD56FB /* Assets.xcassets */ = {isa = PBXFileReference; lastKnownFileType = folder.assetcatalog; path = Assets.xcassets; sourceTree = "<group>"; };
		2FB8249F1C537C1800DD56FB /* Base */ = {isa = PBXFileReference; lastKnownFileType = file.storyboard; name = Base; path = Base.lproj/LaunchScreen.storyboard; sourceTree = "<group>"; };
		2FB824A11C537C1800DD56FB /* Info.plist */ = {isa = PBXFileReference; lastKnownFileType = text.plist.xml; path = Info.plist; sourceTree = "<group>"; };
		2FB824A61C537C1800DD56FB /* ImagePickerTests.xctest */ = {isa = PBXFileReference; explicitFileType = wrapper.cfbundle; includeInIndex = 0; path = ImagePickerTests.xctest; sourceTree = BUILT_PRODUCTS_DIR; };
		2FB824AA1C537C1800DD56FB /* ImagePickerTests.swift */ = {isa = PBXFileReference; lastKnownFileType = sourcecode.swift; path = ImagePickerTests.swift; sourceTree = "<group>"; };
		2FB824AC1C537C1800DD56FB /* Info.plist */ = {isa = PBXFileReference; lastKnownFileType = text.plist.xml; path = Info.plist; sourceTree = "<group>"; };
		2FB824B11C537C1800DD56FB /* ImagePickerUITests.xctest */ = {isa = PBXFileReference; explicitFileType = wrapper.cfbundle; includeInIndex = 0; path = ImagePickerUITests.xctest; sourceTree = BUILT_PRODUCTS_DIR; };
		2FB824B51C537C1800DD56FB /* ImagePickerUITests.swift */ = {isa = PBXFileReference; lastKnownFileType = sourcecode.swift; path = ImagePickerUITests.swift; sourceTree = "<group>"; };
		2FB824B71C537C1800DD56FB /* Info.plist */ = {isa = PBXFileReference; lastKnownFileType = text.plist.xml; path = Info.plist; sourceTree = "<group>"; };
/* End PBXFileReference section */

/* Begin PBXFrameworksBuildPhase section */
		2FB8248F1C537C1800DD56FB /* Frameworks */ = {
			isa = PBXFrameworksBuildPhase;
			buildActionMask = 2147483647;
			files = (
			);
			runOnlyForDeploymentPostprocessing = 0;
		};
		2FB824A31C537C1800DD56FB /* Frameworks */ = {
			isa = PBXFrameworksBuildPhase;
			buildActionMask = 2147483647;
			files = (
			);
			runOnlyForDeploymentPostprocessing = 0;
		};
		2FB824AE1C537C1800DD56FB /* Frameworks */ = {
			isa = PBXFrameworksBuildPhase;
			buildActionMask = 2147483647;
			files = (
			);
			runOnlyForDeploymentPostprocessing = 0;
		};
/* End PBXFrameworksBuildPhase section */

/* Begin PBXGroup section */
		2FB824891C537C1800DD56FB = {
			isa = PBXGroup;
			children = (
				2FB824941C537C1800DD56FB /* ImagePicker */,
				2FB824A91C537C1800DD56FB /* ImagePickerTests */,
				2FB824B41C537C1800DD56FB /* ImagePickerUITests */,
				2FB824931C537C1800DD56FB /* Products */,
			);
			sourceTree = "<group>";
		};
		2FB824931C537C1800DD56FB /* Products */ = {
			isa = PBXGroup;
			children = (
				2FB824921C537C1800DD56FB /* ImagePicker.app */,
				2FB824A61C537C1800DD56FB /* ImagePickerTests.xctest */,
				2FB824B11C537C1800DD56FB /* ImagePickerUITests.xctest */,
			);
			name = Products;
			sourceTree = "<group>";
		};
		2FB824941C537C1800DD56FB /* ImagePicker */ = {
			isa = PBXGroup;
			children = (
				2FB824951C537C1800DD56FB /* AppDelegate.swift */,
				2FB824971C537C1800DD56FB /* ViewController.swift */,
				2FB824991C537C1800DD56FB /* Main.storyboard */,
				2FB8249C1C537C1800DD56FB /* Assets.xcassets */,
				2FB8249E1C537C1800DD56FB /* LaunchScreen.storyboard */,
				2FB824A11C537C1800DD56FB /* Info.plist */,
			);
			path = ImagePicker;
			sourceTree = "<group>";
		};
		2FB824A91C537C1800DD56FB /* ImagePickerTests */ = {
			isa = PBXGroup;
			children = (
				2FB824AA1C537C1800DD56FB /* ImagePickerTests.swift */,
				2FB824AC1C537C1800DD56FB /* Info.plist */,
			);
			path = ImagePickerTests;
			sourceTree = "<group>";
		};
		2FB824B41C537C1800DD56FB /* ImagePickerUITests */ = {
			isa = PBXGroup;
			children = (
				2FB824B51C537C1800DD56FB /* ImagePickerUITests.swift */,
				2FB824B71C537C1800DD56FB /* Info.plist */,
			);
			path = ImagePickerUITests;
			sourceTree = "<group>";
		};
/* End PBXGroup section */

/* Begin PBXNativeTarget section */
		2FB824911C537C1800DD56FB /* ImagePicker */ = {
			isa = PBXNativeTarget;
			buildConfigurationList = 2FB824BA1C537C1800DD56FB /* Build configuration list for PBXNativeTarget "ImagePicker" */;
			buildPhases = (
				2FB8248E1C537C1800DD56FB /* Sources */,
				2FB8248F1C537C1800DD56FB /* Frameworks */,
				2FB824901C537C1800DD56FB /* Resources */,
			);
			buildRules = (
			);
			dependencies = (
			);
			name = ImagePicker;
			productName = ImagePicker;
			productReference = 2FB824921C537C1800DD56FB /* ImagePicker.app */;
			productType = "com.apple.product-type.application";
		};
		2FB824A51C537C1800DD56FB /* ImagePickerTests */ = {
			isa = PBXNativeTarget;
			buildConfigurationList = 2FB824BD1C537C1800DD56FB /* Build configuration list for PBXNativeTarget "ImagePickerTests" */;
			buildPhases = (
				2FB824A21C537C1800DD56FB /* Sources */,
				2FB824A31C537C1800DD56FB /* Frameworks */,
				2FB824A41C537C1800DD56FB /* Resources */,
			);
			buildRules = (
			);
			dependencies = (
				2FB824A81C537C1800DD56FB /* PBXTargetDependency */,
			);
			name = ImagePickerTests;
			productName = ImagePickerTests;
			productReference = 2FB824A61C537C1800DD56FB /* ImagePickerTests.xctest */;
			productType = "com.apple.product-type.bundle.unit-test";
		};
		2FB824B01C537C1800DD56FB /* ImagePickerUITests */ = {
			isa = PBXNativeTarget;
			buildConfigurationList = 2FB824C01C537C1800DD56FB /* Build configuration list for PBXNativeTarget "ImagePickerUITests" */;
			buildPhases = (
				2FB824AD1C537C1800DD56FB /* Sources */,
				2FB824AE1C537C1800DD56FB /* Frameworks */,
				2FB824AF1C537C1800DD56FB /* Resources */,
			);
			buildRules = (
			);
			dependencies = (
				2FB824B31C537C1800DD56FB /* PBXTargetDependency */,
			);
			name = ImagePickerUITests;
			productName = ImagePickerUITests;
			productReference = 2FB824B11C537C1800DD56FB /* ImagePickerUITests.xctest */;
			productType = "com.apple.product-type.bundle.ui-testing";
		};
/* End PBXNativeTarget section */

/* Begin PBXProject section */
		2FB8248A1C537C1800DD56FB /* Project object */ = {
			isa = PBXProject;
			attributes = {
				LastSwiftUpdateCheck = 0720;
				LastUpgradeCheck = 0720;
				ORGANIZATIONNAME = oi7;
				TargetAttributes = {
					2FB824911C537C1800DD56FB = {
						CreatedOnToolsVersion = 7.2;
					};
					2FB824A51C537C1800DD56FB = {
						CreatedOnToolsVersion = 7.2;
						TestTargetID = 2FB824911C537C1800DD56FB;
					};
					2FB824B01C537C1800DD56FB = {
						CreatedOnToolsVersion = 7.2;
						TestTargetID = 2FB824911C537C1800DD56FB;
					};
				};
			};
			buildConfigurationList = 2FB8248D1C537C1800DD56FB /* Build configuration list for PBXProject "ImagePicker" */;
			compatibilityVersion = "Xcode 3.2";
			developmentRegion = English;
			hasScannedForEncodings = 0;
			knownRegions = (
				en,
				Base,
			);
			mainGroup = 2FB824891C537C1800DD56FB;
			productRefGroup = 2FB824931C537C1800DD56FB /* Products */;
			projectDirPath = "";
			projectRoot = "";
			targets = (
				2FB824911C537C1800DD56FB /* ImagePicker */,
				2FB824A51C537C1800DD56FB /* ImagePickerTests */,
				2FB824B01C537C1800DD56FB /* ImagePickerUITests */,
			);
		};
/* End PBXProject section */

/* Begin PBXResourcesBuildPhase section */
		2FB824901C537C1800DD56FB /* Resources */ = {
			isa = PBXResourcesBuildPhase;
			buildActionMask = 2147483647;
			files = (
				2FB824A01C537C1800DD56FB /* LaunchScreen.storyboard in Resources */,
				2FB8249D1C537C1800DD56FB /* Assets.xcassets in Resources */,
				2FB8249B1C537C1800DD56FB /* Main.storyboard in Resources */,
			);
			runOnlyForDeploymentPostprocessing = 0;
		};
		2FB824A41C537C1800DD56FB /* Resources */ = {
			isa = PBXResourcesBuildPhase;
			buildActionMask = 2147483647;
			files = (
			);
			runOnlyForDeploymentPostprocessing = 0;
		};
		2FB824AF1C537C1800DD56FB /* Resources */ = {
			isa = PBXResourcesBuildPhase;
			buildActionMask = 2147483647;
			files = (
			);
			runOnlyForDeploymentPostprocessing = 0;
		};
/* End PBXResourcesBuildPhase section */

/* Begin PBXSourcesBuildPhase section */
		2FB8248E1C537C1800DD56FB /* Sources */ = {
			isa = PBXSourcesBuildPhase;
			buildActionMask = 2147483647;
			files = (
				2FB824981C537C1800DD56FB /* ViewController.swift in Sources */,
				2FB824961C537C1800DD56FB /* AppDelegate.swift in Sources */,
			);
			runOnlyForDeploymentPostprocessing = 0;
		};
		2FB824A21C537C1800DD56FB /* Sources */ = {
			isa = PBXSourcesBuildPhase;
			buildActionMask = 2147483647;
			files = (
				2FB824AB1C537C1800DD56FB /* ImagePickerTests.swift in Sources */,
			);
			runOnlyForDeploymentPostprocessing = 0;
		};
		2FB824AD1C537C1800DD56FB /* Sources */ = {
			isa = PBXSourcesBuildPhase;
			buildActionMask = 2147483647;
			files = (
				2FB824B61C537C1800DD56FB /* ImagePickerUITests.swift in Sources */,
			);
			runOnlyForDeploymentPostprocessing = 0;
		};
/* End PBXSourcesBuildPhase section */

/* Begin PBXTargetDependency section */
		2FB824A81C537C1800DD56FB /* PBXTargetDependency */ = {
			isa = PBXTargetDependency;
			target = 2FB824911C537C1800DD56FB /* ImagePicker */;
			targetProxy = 2FB824A71C537C1800DD56FB /* PBXContainerItemProxy */;
		};
		2FB824B31C537C1800DD56FB /* PBXTargetDependency */ = {
			isa = PBXTargetDependency;
			target = 2FB824911C537C1800DD56FB /* ImagePicker */;
			targetProxy = 2FB824B21C537C1800DD56FB /* PBXContainerItemProxy */;
		};
/* End PBXTargetDependency section */

/* Begin PBXVariantGroup section */
		2FB824991C537C1800DD56FB /* Main.storyboard */ = {
			isa = PBXVariantGroup;
			children = (
				2FB8249A1C537C1800DD56FB /* Base */,
			);
			name = Main.storyboard;
			sourceTree = "<group>";
		};
		2FB8249E1C537C1800DD56FB /* LaunchScreen.storyboard */ = {
			isa = PBXVariantGroup;
			children = (
				2FB8249F1C537C1800DD56FB /* Base */,
			);
			name = LaunchScreen.storyboard;
			sourceTree = "<group>";
		};
/* End PBXVariantGroup section */

/* Begin XCBuildConfiguration section */
		2FB824B81C537C1800DD56FB /* Debug */ = {
			isa = XCBuildConfiguration;
			buildSettings = {
				ALWAYS_SEARCH_USER_PATHS = NO;
				CLANG_CXX_LANGUAGE_STANDARD = "gnu++0x";
				CLANG_CXX_LIBRARY = "libc++";
				CLANG_ENABLE_MODULES = YES;
				CLANG_ENABLE_OBJC_ARC = YES;
				CLANG_WARN_BOOL_CONVERSION = YES;
				CLANG_WARN_CONSTANT_CONVERSION = YES;
				CLANG_WARN_DIRECT_OBJC_ISA_USAGE = YES_ERROR;
				CLANG_WARN_EMPTY_BODY = YES;
				CLANG_WARN_ENUM_CONVERSION = YES;
				CLANG_WARN_INT_CONVERSION = YES;
				CLANG_WARN_OBJC_ROOT_CLASS = YES_ERROR;
				CLANG_WARN_UNREACHABLE_CODE = YES;
				CLANG_WARN__DUPLICATE_METHOD_MATCH = YES;
				"CODE_SIGN_IDENTITY[sdk=iphoneos*]" = "iPhone Developer";
				COPY_PHASE_STRIP = NO;
				DEBUG_INFORMATION_FORMAT = dwarf;
				ENABLE_STRICT_OBJC_MSGSEND = YES;
				ENABLE_TESTABILITY = YES;
				GCC_C_LANGUAGE_STANDARD = gnu99;
				GCC_DYNAMIC_NO_PIC = NO;
				GCC_NO_COMMON_BLOCKS = YES;
				GCC_OPTIMIZATION_LEVEL = 0;
				GCC_PREPROCESSOR_DEFINITIONS = (
					"DEBUG=1",
					"$(inherited)",
				);
				GCC_WARN_64_TO_32_BIT_CONVERSION = YES;
				GCC_WARN_ABOUT_RETURN_TYPE = YES_ERROR;
				GCC_WARN_UNDECLARED_SELECTOR = YES;
				GCC_WARN_UNINITIALIZED_AUTOS = YES_AGGRESSIVE;
				GCC_WARN_UNUSED_FUNCTION = YES;
				GCC_WARN_UNUSED_VARIABLE = YES;
				IPHONEOS_DEPLOYMENT_TARGET = 9.2;
				MTL_ENABLE_DEBUG_INFO = YES;
				ONLY_ACTIVE_ARCH = YES;
				SDKROOT = iphoneos;
				SWIFT_OPTIMIZATION_LEVEL = "-Onone";
			};
			name = Debug;
		};
		2FB824B91C537C1800DD56FB /* Release */ = {
			isa = XCBuildConfiguration;
			buildSettings = {
				ALWAYS_SEARCH_USER_PATHS = NO;
				CLANG_CXX_LANGUAGE_STANDARD = "gnu++0x";
				CLANG_CXX_LIBRARY = "libc++";
				CLANG_ENABLE_MODULES = YES;
				CLANG_ENABLE_OBJC_ARC = YES;
				CLANG_WARN_BOOL_CONVERSION = YES;
				CLANG_WARN_CONSTANT_CONVERSION = YES;
				CLANG_WARN_DIRECT_OBJC_ISA_USAGE = YES_ERROR;
				CLANG_WARN_EMPTY_BODY = YES;
				CLANG_WARN_ENUM_CONVERSION = YES;
				CLANG_WARN_INT_CONVERSION = YES;
				CLANG_WARN_OBJC_ROOT_CLASS = YES_ERROR;
				CLANG_WARN_UNREACHABLE_CODE = YES;
				CLANG_WARN__DUPLICATE_METHOD_MATCH = YES;
				"CODE_SIGN_IDENTITY[sdk=iphoneos*]" = "iPhone Developer";
				COPY_PHASE_STRIP = NO;
				DEBUG_INFORMATION_FORMAT = "dwarf-with-dsym";
				ENABLE_NS_ASSERTIONS = NO;
				ENABLE_STRICT_OBJC_MSGSEND = YES;
				GCC_C_LANGUAGE_STANDARD = gnu99;
				GCC_NO_COMMON_BLOCKS = YES;
				GCC_WARN_64_TO_32_BIT_CONVERSION = YES;
				GCC_WARN_ABOUT_RETURN_TYPE = YES_ERROR;
				GCC_WARN_UNDECLARED_SELECTOR = YES;
				GCC_WARN_UNINITIALIZED_AUTOS = YES_AGGRESSIVE;
				GCC_WARN_UNUSED_FUNCTION = YES;
				GCC_WARN_UNUSED_VARIABLE = YES;
				IPHONEOS_DEPLOYMENT_TARGET = 9.2;
				MTL_ENABLE_DEBUG_INFO = NO;
				SDKROOT = iphoneos;
				VALIDATE_PRODUCT = YES;
			};
			name = Release;
		};
		2FB824BB1C537C1800DD56FB /* Debug */ = {
			isa = XCBuildConfiguration;
			buildSettings = {
				ASSETCATALOG_COMPILER_APPICON_NAME = AppIcon;
				INFOPLIST_FILE = ImagePicker/Info.plist;
				LD_RUNPATH_SEARCH_PATHS = "$(inherited) @executable_path/Frameworks";
				PRODUCT_BUNDLE_IDENTIFIER = com.oi7.ImagePicker;
				PRODUCT_NAME = "$(TARGET_NAME)";
			};
			name = Debug;
		};
		2FB824BC1C537C1800DD56FB /* Release */ = {
			isa = XCBuildConfiguration;
			buildSettings = {
				ASSETCATALOG_COMPILER_APPICON_NAME = AppIcon;
				INFOPLIST_FILE = ImagePicker/Info.plist;
				LD_RUNPATH_SEARCH_PATHS = "$(inherited) @executable_path/Frameworks";
				PRODUCT_BUNDLE_IDENTIFIER = com.oi7.ImagePicker;
				PRODUCT_NAME = "$(TARGET_NAME)";
			};
			name = Release;
		};
		2FB824BE1C537C1800DD56FB /* Debug */ = {
			isa = XCBuildConfiguration;
			buildSettings = {
				BUNDLE_LOADER = "$(TEST_HOST)";
				INFOPLIST_FILE = ImagePickerTests/Info.plist;
				LD_RUNPATH_SEARCH_PATHS = "$(inherited) @executable_path/Frameworks @loader_path/Frameworks";
				PRODUCT_BUNDLE_IDENTIFIER = com.oi7.ImagePickerTests;
				PRODUCT_NAME = "$(TARGET_NAME)";
				TEST_HOST = "$(BUILT_PRODUCTS_DIR)/ImagePicker.app/ImagePicker";
			};
			name = Debug;
		};
		2FB824BF1C537C1800DD56FB /* Release */ = {
			isa = XCBuildConfiguration;
			buildSettings = {
				BUNDLE_LOADER = "$(TEST_HOST)";
				INFOPLIST_FILE = ImagePickerTests/Info.plist;
				LD_RUNPATH_SEARCH_PATHS = "$(inherited) @executable_path/Frameworks @loader_path/Frameworks";
				PRODUCT_BUNDLE_IDENTIFIER = com.oi7.ImagePickerTests;
				PRODUCT_NAME = "$(TARGET_NAME)";
				TEST_HOST = "$(BUILT_PRODUCTS_DIR)/ImagePicker.app/ImagePicker";
			};
			name = Release;
		};
		2FB824C11C537C1800DD56FB /* Debug */ = {
			isa = XCBuildConfiguration;
			buildSettings = {
				INFOPLIST_FILE = ImagePickerUITests/Info.plist;
				LD_RUNPATH_SEARCH_PATHS = "$(inherited) @executable_path/Frameworks @loader_path/Frameworks";
				PRODUCT_BUNDLE_IDENTIFIER = com.oi7.ImagePickerUITests;
				PRODUCT_NAME = "$(TARGET_NAME)";
				TEST_TARGET_NAME = ImagePicker;
				USES_XCTRUNNER = YES;
			};
			name = Debug;
		};
		2FB824C21C537C1800DD56FB /* Release */ = {
			isa = XCBuildConfiguration;
			buildSettings = {
				INFOPLIST_FILE = ImagePickerUITests/Info.plist;
				LD_RUNPATH_SEARCH_PATHS = "$(inherited) @executable_path/Frameworks @loader_path/Frameworks";
				PRODUCT_BUNDLE_IDENTIFIER = com.oi7.ImagePickerUITests;
				PRODUCT_NAME = "$(TARGET_NAME)";
				TEST_TARGET_NAME = ImagePicker;
				USES_XCTRUNNER = YES;
			};
			name = Release;
		};
/* End XCBuildConfiguration section */

/* Begin XCConfigurationList section */
		2FB8248D1C537C1800DD56FB /* Build configuration list for PBXProject "ImagePicker" */ = {
			isa = XCConfigurationList;
			buildConfigurations = (
				2FB824B81C537C1800DD56FB /* Debug */,
				2FB824B91C537C1800DD56FB /* Release */,
			);
			defaultConfigurationIsVisible = 0;
			defaultConfigurationName = Release;
		};
		2FB824BA1C537C1800DD56FB /* Build configuration list for PBXNativeTarget "ImagePicker" */ = {
			isa = XCConfigurationList;
			buildConfigurations = (
				2FB824BB1C537C1800DD56FB /* Debug */,
				2FB824BC1C537C1800DD56FB /* Release */,
			);
			defaultConfigurationIsVisible = 0;
		};
		2FB824BD1C537C1800DD56FB /* Build configuration list for PBXNativeTarget "ImagePickerTests" */ = {
			isa = XCConfigurationList;
			buildConfigurations = (
				2FB824BE1C537C1800DD56FB /* Debug */,
				2FB824BF1C537C1800DD56FB /* Release */,
			);
			defaultConfigurationIsVisible = 0;
		};
		2FB824C01C537C1800DD56FB /* Build configuration list for PBXNativeTarget "ImagePickerUITests" */ = {
			isa = XCConfigurationList;
			buildConfigurations = (
				2FB824C11C537C1800DD56FB /* Debug */,
				2FB824C21C537C1800DD56FB /* Release */,
			);
			defaultConfigurationIsVisible = 0;
		};
/* End XCConfigurationList section */
	};
	rootObject = 2FB8248A1C537C1800DD56FB /* Project object */;
}
